{
  "requires": true,
  "lockfileVersion": 1,
  "dependencies": {
    "@braintree/asset-loader": {
      "version": "0.2.1",
      "resolved": "https://registry.npmjs.org/@braintree/asset-loader/-/asset-loader-0.2.1.tgz",
      "integrity": "sha512-KNzByHqcZKHm6lss1dGCbLs9K4XrmLqn5YNdL0e7g7A0dzUU4mhXmZF+7rLAqX+XP9gE6nSaf7xh+TBj7oo24w==",
      "requires": {
        "promise-polyfill": "^8.1.0"
      }
    },
    "@braintree/browser-detection": {
      "version": "1.7.0",
      "resolved": "https://registry.npmjs.org/@braintree/browser-detection/-/browser-detection-1.7.0.tgz",
      "integrity": "sha1-iVumS3AMPzbKtcVFkcr3GkEXHdg="
    },
    "@braintree/class-list": {
      "version": "0.1.0",
      "resolved": "https://registry.npmjs.org/@braintree/class-list/-/class-list-0.1.0.tgz",
      "integrity": "sha512-AmXPsYhiNJKcxuwkgQjwyyTwFCeRlyFTeUJ9ecV/jLxS8ZH8fCAB4enYgArMRyvCekZZkqLK54kOJ6+OJBzJwA=="
    },
    "@braintree/iframer": {
      "version": "1.0.3",
      "resolved": "https://registry.npmjs.org/@braintree/iframer/-/iframer-1.0.3.tgz",
      "integrity": "sha1-Id0f1M69QVSuqx76TVsNX0OENk4="
    },
    "@braintree/sanitize-url": {
      "version": "3.0.0",
      "resolved": "https://registry.npmjs.org/@braintree/sanitize-url/-/sanitize-url-3.0.0.tgz",
      "integrity": "sha512-ymeXC1qObTag/hhEG7BoTMdIzuhKekTxNJTIfiVXsoP1fUXHKBpr0EfCsSA06BuP5gxTPs2vDKjtmYbgvEfY+g=="
    },
    "@braintree/wrap-promise": {
      "version": "1.1.1",
      "resolved": "https://registry.npmjs.org/@braintree/wrap-promise/-/wrap-promise-1.1.1.tgz",
      "integrity": "sha1-0ix2hV5tS0ASYQBgQh+uGjfskLA="
    },
    "braintree-web": {
      "version": "3.42.0",
      "resolved": "https://registry.npmjs.org/braintree-web/-/braintree-web-3.42.0.tgz",
      "integrity": "sha512-R6Eyjz1XCftNk5RVVfcDwWtdlXqguLyWtXGXa7BjK6D2r4/PXqUGRzakWcKUtAYOixibjl0JKHLjf9DzxpTH5w==",
      "requires": {
        "@braintree/asset-loader": "0.2.1",
        "@braintree/browser-detection": "1.7.0",
        "@braintree/class-list": "0.1.0",
        "@braintree/iframer": "1.0.3",
        "@braintree/sanitize-url": "3.0.0",
        "@braintree/wrap-promise": "1.1.1",
        "card-validator": "6.1.0",
        "credit-card-type": "8.0.0",
        "framebus": "3.0.2",
        "inject-stylesheet": "1.0.0",
        "promise-polyfill": "8.1.0",
        "restricted-input": "1.2.7"
      }
    },
    "braintree-web-drop-in": {
      "version": "1.16.0",
      "resolved": "https://registry.npmjs.org/braintree-web-drop-in/-/braintree-web-drop-in-1.16.0.tgz",
      "integrity": "sha512-IdhAK0CyBCX67r2tOxCJWyoelMKFZkd+8Op3T4ijIKJTOFAJkx2uyqYh+GJHNoxuc3+KcJXfzbCA8xNnGIc2Dw==",
      "requires": {
        "@braintree/asset-loader": "0.2.1",
        "@braintree/browser-detection": "1.7.0",
        "@braintree/class-list": "0.1.0",
        "@braintree/wrap-promise": "1.1.1",
        "braintree-web": "3.42.0",
        "promise-polyfill": "8.1.0"
      }
    },
    "card-validator": {
      "version": "6.1.0",
      "resolved": "https://registry.npmjs.org/card-validator/-/card-validator-6.1.0.tgz",
      "integrity": "sha512-YAeCZvHFXj7zxYSjfQEOmL5c19+Bfpdi1hl9BIeAE7a56V3jPO9CbIVwSPPL4yoVPVjfE4Osp44c05UeELhu4A==",
      "requires": {
        "credit-card-type": "^8.0.0"
      }
    },
    "credit-card-type": {
      "version": "8.0.0",
      "resolved": "https://registry.npmjs.org/credit-card-type/-/credit-card-type-8.0.0.tgz",
      "integrity": "sha512-q3k5fbLJJIkPTBLr03Wo2Ui8cF5vHE8eTT/3K7BUW1ROoyns2vHoglWrzjmU/8JKA0X7JFlYlUVuDRwn7l2ldw=="
    },
    "desandro-matches-selector": {
      "version": "2.0.2",
      "resolved": "https://registry.npmjs.org/desandro-matches-selector/-/desandro-matches-selector-2.0.2.tgz",
      "integrity": "sha1-cXvu1NwT59jzdi9wem1YpndCGOE="
    },
    "ev-emitter": {
      "version": "1.1.1",
      "resolved": "https://registry.npmjs.org/ev-emitter/-/ev-emitter-1.1.1.tgz",
      "integrity": "sha512-ipiDYhdQSCZ4hSbX4rMW+XzNKMD1prg/sTvoVmSLkuQ1MVlwjJQQA+sW8tMYR3BLUr9KjodFV4pvzunvRhd33Q=="
    },
    "fizzy-ui-utils": {
      "version": "2.0.7",
      "resolved": "https://registry.npmjs.org/fizzy-ui-utils/-/fizzy-ui-utils-2.0.7.tgz",
      "integrity": "sha512-CZXDVXQ1If3/r8s0T+v+qVeMshhfcuq0rqIFgJnrtd+Bu8GmDmqMjntjUePypVtjHXKJ6V4sw9zeyox34n9aCg==",
      "requires": {
        "desandro-matches-selector": "^2.0.0"
      }
    },
    "framebus": {
      "version": "3.0.2",
      "resolved": "https://registry.npmjs.org/framebus/-/framebus-3.0.2.tgz",
      "integrity": "sha512-OqhYkhgRYlpKZoSl5EA3whKh8O8omFPCzf7MGzFqC6CtrT8lg7evNgU6QdjC3uY3ATq5saMDiY5HJ8KGiGDYCA=="
    },
    "get-size": {
      "version": "2.0.3",
      "resolved": "https://registry.npmjs.org/get-size/-/get-size-2.0.3.tgz",
      "integrity": "sha512-lXNzT/h/dTjTxRbm9BXb+SGxxzkm97h/PCIKtlN/CBCxxmkkIVV21udumMS93MuVTDX583gqc94v3RjuHmI+2Q=="
    },
    "inject-stylesheet": {
      "version": "1.0.0",
      "resolved": "https://registry.npmjs.org/inject-stylesheet/-/inject-stylesheet-1.0.0.tgz",
      "integrity": "sha1-9nMEdFjuWPEJ/uTPtmsJ82LMwmE="
    },
    "masonry-layout": {
      "version": "4.2.2",
      "resolved": "https://registry.npmjs.org/masonry-layout/-/masonry-layout-4.2.2.tgz",
      "integrity": "sha512-iGtAlrpHNyxaR19CvKC3npnEcAwszXoyJiI8ARV2ePi7fmYhIud25MHK8Zx4P0LCC4d3TNO9+rFa1KoK1OEOaA==",
      "requires": {
        "get-size": "^2.0.2",
        "outlayer": "^2.1.0"
      }
    },
    "outlayer": {
      "version": "2.1.1",
      "resolved": "https://registry.npmjs.org/outlayer/-/outlayer-2.1.1.tgz",
      "integrity": "sha1-KYY7beEOpdrf/8rfoNcokHOH6aI=",
      "requires": {
        "ev-emitter": "^1.0.0",
        "fizzy-ui-utils": "^2.0.0",
        "get-size": "^2.0.2"
      }
    },
    "promise-polyfill": {
      "version": "8.1.0",
      "resolved": "https://registry.npmjs.org/promise-polyfill/-/promise-polyfill-8.1.0.tgz",
      "integrity": "sha512-OzSf6gcCUQ01byV4BgwyUCswlaQQ6gzXc23aLQWhicvfX9kfsUiUhgt3CCQej8jDnl8/PhGF31JdHX2/MzF3WA=="
    },
    "restricted-input": {
      "version": "1.2.7",
      "resolved": "https://registry.npmjs.org/restricted-input/-/restricted-input-1.2.7.tgz",
      "integrity": "sha1-4SmPX9jEMMwtjmuxF1UkAjIFyzQ=",
      "requires": {
        "@braintree/browser-detection": "^1.5.0"
      }
    }
  }
}
